
Microsoft Visual Studio Solution File, Format Version 12.00
# Visual Studio Version 16
VisualStudioVersion = 16.0.30804.86
MinimumVisualStudioVersion = 10.0.40219.1
Project("{FAE04EC0-301F-11D3-BF4B-00C04F79EFBC}") = "MoviStore", "MoviStore\MoviStore.csproj", "{B8E05837-346E-464D-B823-F0AFE2EF7EE6}"
EndProject
Global
	GlobalSection(SolutionConfigurationPlatforms) = preSolution
		Debug|Any CPU = Debug|Any CPU
		Release|Any CPU = Release|Any CPU
	EndGlobalSection
	GlobalSection(ProjectConfigurationPlatforms) = postSolution
		{B8E05837-346E-464D-B823-F0AFE2EF7EE6}.Debug|Any CPU.ActiveCfg = Debug|Any CPU
		{B8E05837-346E-464D-B823-F0AFE2EF7EE6}.Debug|Any CPU.Build.0 = Debug|Any CPU
		{B8E05837-346E-464D-B823-F0AFE2EF7EE6}.Release|Any CPU.ActiveCfg = Release|Any CPU
		{B8E05837-346E-464D-B823-F0AFE2EF7EE6}.Release|Any CPU.Build.0 = Release|Any CPU
	EndGlobalSection
	GlobalSection(SolutionProperties) = preSolution
		HideSolutionNode = FALSE
	EndGlobalSection
	GlobalSection(ExtensibilityGlobals) = postSolution
		SolutionGuid = {A1DF6398-DF0F-4FAF-9E41-E8542B74D053}
	EndGlobalSection
EndGlobal
